lockfileVersion: '9.0'

settings:
  autoInstallPeers: true
  excludeLinksFromLockfile: false

importers:

  .:
    dependencies:
      three:
        specifier: 0.183.0
        version: 0.183.0

packages:

  three@0.183.0:
    resolution: {integrity: sha512-G6SH2jfefIVa2YI4JL2VbgQhrrbp1A8dRc7lr3PW827kdVyaX2RgH6M5FmjmdVFLgSHppyg3OYOZdTfWElle+g==}

snapshots:

  three@0.183.0: {}
